
Microsoft Visual Studio Solution File, Format Version 12.00
Project("{FAE04EC0-301F-11D3-BF4B-00C04F79EFBC}") = "AuctionService", "src\AuctionService\AuctionService.csproj", "{FF7140AF-E3D2-4EB5-BBCF-DEC875A734BB}"
EndProject
Project("{FAE04EC0-301F-11D3-BF4B-00C04F79EFBC}") = "SearchService", "src\SearchService\SearchService.csproj", "{A6DE6CEF-5AD6-4FC3-B331-0399553FF811}"
EndProject
Global
	GlobalSection(SolutionConfigurationPlatforms) = preSolution
		Debug|Any CPU = Debug|Any CPU
		Release|Any CPU = Release|Any CPU
	EndGlobalSection
	GlobalSection(ProjectConfigurationPlatforms) = postSolution
		{FF7140AF-E3D2-4EB5-BBCF-DEC875A734BB}.Debug|Any CPU.ActiveCfg = Debug|Any CPU
		{FF7140AF-E3D2-4EB5-BBCF-DEC875A734BB}.Debug|Any CPU.Build.0 = Debug|Any CPU
		{FF7140AF-E3D2-4EB5-BBCF-DEC875A734BB}.Release|Any CPU.ActiveCfg = Release|Any CPU
		{FF7140AF-E3D2-4EB5-BBCF-DEC875A734BB}.Release|Any CPU.Build.0 = Release|Any CPU
		{A6DE6CEF-5AD6-4FC3-B331-0399553FF811}.Debug|Any CPU.ActiveCfg = Debug|Any CPU
		{A6DE6CEF-5AD6-4FC3-B331-0399553FF811}.Debug|Any CPU.Build.0 = Debug|Any CPU
		{A6DE6CEF-5AD6-4FC3-B331-0399553FF811}.Release|Any CPU.ActiveCfg = Release|Any CPU
		{A6DE6CEF-5AD6-4FC3-B331-0399553FF811}.Release|Any CPU.Build.0 = Release|Any CPU
	EndGlobalSection
EndGlobal
